
Microsoft Visual Studio Solution File, Format Version 12.00
# Visual Studio Version 17
VisualStudioVersion = 17.10.35027.167
MinimumVisualStudioVersion = 10.0.40219.1
Project("{FAE04EC0-301F-11D3-BF4B-00C04F79EFBC}") = "assignMT", "assignMT.csproj", "{30B7FF5E-5AC8-4693-91C0-3C77B50EF03E}"
EndProject
Global
	GlobalSection(SolutionConfigurationPlatforms) = preSolution
		Debug|Any CPU = Debug|Any CPU
		Release|Any CPU = Release|Any CPU
	EndGlobalSection
	GlobalSection(ProjectConfigurationPlatforms) = postSolution
		{30B7FF5E-5AC8-4693-91C0-3C77B50EF03E}.Debug|Any CPU.ActiveCfg = Debug|Any CPU
		{30B7FF5E-5AC8-4693-91C0-3C77B50EF03E}.Debug|Any CPU.Build.0 = Debug|Any CPU
		{30B7FF5E-5AC8-4693-91C0-3C77B50EF03E}.Release|Any CPU.ActiveCfg = Release|Any CPU
		{30B7FF5E-5AC8-4693-91C0-3C77B50EF03E}.Release|Any CPU.Build.0 = Release|Any CPU
	EndGlobalSection
	GlobalSection(SolutionProperties) = preSolution
		HideSolutionNode = FALSE
	EndGlobalSection
	GlobalSection(ExtensibilityGlobals) = postSolution
		SolutionGuid = {869784FB-1862-4897-ACBA-C24866663EC8}
	EndGlobalSection
EndGlobal
